
Microsoft Visual Studio Solution File, Format Version 12.00
# Visual Studio Version 17
VisualStudioVersion = 17.13.36105.23 d17.13
MinimumVisualStudioVersion = 10.0.40219.1
Project("{FAE04EC0-301F-11D3-BF4B-00C04F79EFBC}") = "CREACIONDEAPUNTES", "CREACIONDEAPUNTES\CREACIONDEAPUNTES.csproj", "{68735080-A325-41A2-B559-6B9E46A529EB}"
EndProject
Global
	GlobalSection(SolutionConfigurationPlatforms) = preSolution
		Debug|Any CPU = Debug|Any CPU
		Release|Any CPU = Release|Any CPU
	EndGlobalSection
	GlobalSection(ProjectConfigurationPlatforms) = postSolution
		{68735080-A325-41A2-B559-6B9E46A529EB}.Debug|Any CPU.ActiveCfg = Debug|Any CPU
		{68735080-A325-41A2-B559-6B9E46A529EB}.Debug|Any CPU.Build.0 = Debug|Any CPU
		{68735080-A325-41A2-B559-6B9E46A529EB}.Debug|Any CPU.Deploy.0 = Debug|Any CPU
		{68735080-A325-41A2-B559-6B9E46A529EB}.Release|Any CPU.ActiveCfg = Release|Any CPU
		{68735080-A325-41A2-B559-6B9E46A529EB}.Release|Any CPU.Build.0 = Release|Any CPU
		{68735080-A325-41A2-B559-6B9E46A529EB}.Release|Any CPU.Deploy.0 = Release|Any CPU
	EndGlobalSection
	GlobalSection(SolutionProperties) = preSolution
		HideSolutionNode = FALSE
	EndGlobalSection
	GlobalSection(ExtensibilityGlobals) = postSolution
		SolutionGuid = {A8B4E328-949E-417C-AC9B-46C6F57BCBA8}
	EndGlobalSection
EndGlobal
